
Microsoft Visual Studio Solution File, Format Version 12.00
# Visual Studio 15
VisualStudioVersion = 15.0.27130.0
MinimumVisualStudioVersion = 10.0.40219.1
Project("{FAE04EC0-301F-11D3-BF4B-00C04F79EFBC}") = "AppXtivate", "appxtivate\AppXtivate.csproj", "{272DF3C6-B1E5-4304-BC8B-B939BE317A10}"
EndProject
Global
	GlobalSection(SolutionConfigurationPlatforms) = preSolution
		Debug|Any CPU = Debug|Any CPU
		Release|Any CPU = Release|Any CPU
	EndGlobalSection
	GlobalSection(ProjectConfigurationPlatforms) = postSolution
		{272DF3C6-B1E5-4304-BC8B-B939BE317A10}.Debug|Any CPU.ActiveCfg = Debug|Any CPU
		{272DF3C6-B1E5-4304-BC8B-B939BE317A10}.Debug|Any CPU.Build.0 = Debug|Any CPU
		{272DF3C6-B1E5-4304-BC8B-B939BE317A10}.Release|Any CPU.ActiveCfg = Release|Any CPU
		{272DF3C6-B1E5-4304-BC8B-B939BE317A10}.Release|Any CPU.Build.0 = Release|Any CPU
	EndGlobalSection
	GlobalSection(SolutionProperties) = preSolution
		HideSolutionNode = FALSE
	EndGlobalSection
	GlobalSection(ExtensibilityGlobals) = postSolution
		SolutionGuid = {070733AF-F432-4137-BE46-D0F1BBEB01C8}
	EndGlobalSection
EndGlobal
